
Microsoft Visual Studio Solution File, Format Version 12.00
# Visual Studio Version 17
VisualStudioVersion = 17.8.34316.72
MinimumVisualStudioVersion = 10.0.40219.1
Project("{FAE04EC0-301F-11D3-BF4B-00C04F79EFBC}") = "Compiti per il 30_11_2023", "Compiti per il 30_11_2023\Compiti per il 30_11_2023.csproj", "{66591620-4857-4D3F-B460-8CD6823C38DD}"
EndProject
Global
	GlobalSection(SolutionConfigurationPlatforms) = preSolution
		Debug|Any CPU = Debug|Any CPU
		Release|Any CPU = Release|Any CPU
	EndGlobalSection
	GlobalSection(ProjectConfigurationPlatforms) = postSolution
		{66591620-4857-4D3F-B460-8CD6823C38DD}.Debug|Any CPU.ActiveCfg = Debug|Any CPU
		{66591620-4857-4D3F-B460-8CD6823C38DD}.Debug|Any CPU.Build.0 = Debug|Any CPU
		{66591620-4857-4D3F-B460-8CD6823C38DD}.Release|Any CPU.ActiveCfg = Release|Any CPU
		{66591620-4857-4D3F-B460-8CD6823C38DD}.Release|Any CPU.Build.0 = Release|Any CPU
	EndGlobalSection
	GlobalSection(SolutionProperties) = preSolution
		HideSolutionNode = FALSE
	EndGlobalSection
	GlobalSection(ExtensibilityGlobals) = postSolution
		SolutionGuid = {42D500A3-BB0F-4E40-8091-A9A56F6559BD}
	EndGlobalSection
EndGlobal
